
Microsoft Visual Studio Solution File, Format Version 12.00
# Visual Studio Version 17
VisualStudioVersion = 17.11.35312.102
MinimumVisualStudioVersion = 10.0.40219.1
Project("{FAE04EC0-301F-11D3-BF4B-00C04F79EFBC}") = "CellularAutomaton.Web", "CellularAutomaton.Web\CellularAutomaton.Web.csproj", "{22850C32-E3D7-47DA-AD5D-FE031C8D71A7}"
EndProject
Global
	GlobalSection(SolutionConfigurationPlatforms) = preSolution
		Debug|Any CPU = Debug|Any CPU
		Release|Any CPU = Release|Any CPU
	EndGlobalSection
	GlobalSection(ProjectConfigurationPlatforms) = postSolution
		{22850C32-E3D7-47DA-AD5D-FE031C8D71A7}.Debug|Any CPU.ActiveCfg = Debug|Any CPU
		{22850C32-E3D7-47DA-AD5D-FE031C8D71A7}.Debug|Any CPU.Build.0 = Debug|Any CPU
		{22850C32-E3D7-47DA-AD5D-FE031C8D71A7}.Release|Any CPU.ActiveCfg = Release|Any CPU
		{22850C32-E3D7-47DA-AD5D-FE031C8D71A7}.Release|Any CPU.Build.0 = Release|Any CPU
	EndGlobalSection
	GlobalSection(SolutionProperties) = preSolution
		HideSolutionNode = FALSE
	EndGlobalSection
	GlobalSection(ExtensibilityGlobals) = postSolution
		SolutionGuid = {2945EA66-EAF8-49F5-98BB-F9D100098535}
	EndGlobalSection
EndGlobal
